
Microsoft Visual Studio Solution File, Format Version 12.00
# Visual Studio 15
VisualStudioVersion = 15.0.28010.2016
MinimumVisualStudioVersion = 10.0.40219.1
Project("{FAE04EC0-301F-11D3-BF4B-00C04F79EFBC}") = "CSMQuestionPoll.Web", "CSMQuestionPoll.Web\CSMQuestionPoll.Web.csproj", "{B03A7BF2-EDC5-47C9-A987-D451585054EA}"
EndProject
Global
	GlobalSection(SolutionConfigurationPlatforms) = preSolution
		Debug|Any CPU = Debug|Any CPU
		Release|Any CPU = Release|Any CPU
	EndGlobalSection
	GlobalSection(ProjectConfigurationPlatforms) = postSolution
		{B03A7BF2-EDC5-47C9-A987-D451585054EA}.Debug|Any CPU.ActiveCfg = Debug|Any CPU
		{B03A7BF2-EDC5-47C9-A987-D451585054EA}.Debug|Any CPU.Build.0 = Debug|Any CPU
		{B03A7BF2-EDC5-47C9-A987-D451585054EA}.Release|Any CPU.ActiveCfg = Release|Any CPU
		{B03A7BF2-EDC5-47C9-A987-D451585054EA}.Release|Any CPU.Build.0 = Release|Any CPU
	EndGlobalSection
	GlobalSection(SolutionProperties) = preSolution
		HideSolutionNode = FALSE
	EndGlobalSection
	GlobalSection(ExtensibilityGlobals) = postSolution
		SolutionGuid = {805F1402-9577-4D15-AD7D-17CA1D0C9F88}
	EndGlobalSection
EndGlobal
